
Microsoft Visual Studio Solution File, Format Version 12.00
# Visual Studio Version 17
VisualStudioVersion = 17.11.35327.3
MinimumVisualStudioVersion = 10.0.40219.1
Project("{FAE04EC0-301F-11D3-BF4B-00C04F79EFBC}") = "eCom.Api", "eCom.Api\eCom.Api.csproj", "{283B7547-1547-476E-ABB1-B1B8C0967242}"
EndProject
Project("{FAE04EC0-301F-11D3-BF4B-00C04F79EFBC}") = "eCom.Infrastructure", "eCom.Infrastructure\eCom.Infrastructure.csproj", "{D1C2159B-016F-4893-9AEC-994869E8467D}"
EndProject
Project("{FAE04EC0-301F-11D3-BF4B-00C04F79EFBC}") = "eCom.Core", "eCom.Core\eCom.Core.csproj", "{64F71165-EE85-4515-8A8F-91F178667BD0}"
EndProject
Global
	GlobalSection(SolutionConfigurationPlatforms) = preSolution
		Debug|Any CPU = Debug|Any CPU
		Release|Any CPU = Release|Any CPU
	EndGlobalSection
	GlobalSection(ProjectConfigurationPlatforms) = postSolution
		{283B7547-1547-476E-ABB1-B1B8C0967242}.Debug|Any CPU.ActiveCfg = Debug|Any CPU
		{283B7547-1547-476E-ABB1-B1B8C0967242}.Debug|Any CPU.Build.0 = Debug|Any CPU
		{283B7547-1547-476E-ABB1-B1B8C0967242}.Release|Any CPU.ActiveCfg = Release|Any CPU
		{283B7547-1547-476E-ABB1-B1B8C0967242}.Release|Any CPU.Build.0 = Release|Any CPU
		{D1C2159B-016F-4893-9AEC-994869E8467D}.Debug|Any CPU.ActiveCfg = Debug|Any CPU
		{D1C2159B-016F-4893-9AEC-994869E8467D}.Debug|Any CPU.Build.0 = Debug|Any CPU
		{D1C2159B-016F-4893-9AEC-994869E8467D}.Release|Any CPU.ActiveCfg = Release|Any CPU
		{D1C2159B-016F-4893-9AEC-994869E8467D}.Release|Any CPU.Build.0 = Release|Any CPU
		{64F71165-EE85-4515-8A8F-91F178667BD0}.Debug|Any CPU.ActiveCfg = Debug|Any CPU
		{64F71165-EE85-4515-8A8F-91F178667BD0}.Debug|Any CPU.Build.0 = Debug|Any CPU
		{64F71165-EE85-4515-8A8F-91F178667BD0}.Release|Any CPU.ActiveCfg = Release|Any CPU
		{64F71165-EE85-4515-8A8F-91F178667BD0}.Release|Any CPU.Build.0 = Release|Any CPU
	EndGlobalSection
	GlobalSection(SolutionProperties) = preSolution
		HideSolutionNode = FALSE
	EndGlobalSection
	GlobalSection(ExtensibilityGlobals) = postSolution
		SolutionGuid = {54D479B7-215F-4BD2-9B7E-E34B1DE28766}
	EndGlobalSection
EndGlobal
